
Microsoft Visual Studio Solution File, Format Version 12.00
# Visual Studio Version 17
VisualStudioVersion = 17.6.33815.320
MinimumVisualStudioVersion = 10.0.40219.1
Project("{FAE04EC0-301F-11D3-BF4B-00C04F79EFBC}") = "Expression", "Expression\Expression.csproj", "{5CD3DBEB-C08C-413F-95E6-CA60CFA0D5F2}"
EndProject
Project("{FAE04EC0-301F-11D3-BF4B-00C04F79EFBC}") = "Expression.Tests", "Expression.Tests\Expression.Tests.csproj", "{6565CA02-E33A-49AE-9DA5-97902FDEA060}"
EndProject
Global
	GlobalSection(SolutionConfigurationPlatforms) = preSolution
		Debug|Any CPU = Debug|Any CPU
		Release|Any CPU = Release|Any CPU
	EndGlobalSection
	GlobalSection(ProjectConfigurationPlatforms) = postSolution
		{5CD3DBEB-C08C-413F-95E6-CA60CFA0D5F2}.Debug|Any CPU.ActiveCfg = Debug|Any CPU
		{5CD3DBEB-C08C-413F-95E6-CA60CFA0D5F2}.Debug|Any CPU.Build.0 = Debug|Any CPU
		{5CD3DBEB-C08C-413F-95E6-CA60CFA0D5F2}.Release|Any CPU.ActiveCfg = Release|Any CPU
		{5CD3DBEB-C08C-413F-95E6-CA60CFA0D5F2}.Release|Any CPU.Build.0 = Release|Any CPU
		{6565CA02-E33A-49AE-9DA5-97902FDEA060}.Debug|Any CPU.ActiveCfg = Debug|Any CPU
		{6565CA02-E33A-49AE-9DA5-97902FDEA060}.Debug|Any CPU.Build.0 = Debug|Any CPU
		{6565CA02-E33A-49AE-9DA5-97902FDEA060}.Release|Any CPU.ActiveCfg = Release|Any CPU
		{6565CA02-E33A-49AE-9DA5-97902FDEA060}.Release|Any CPU.Build.0 = Release|Any CPU
	EndGlobalSection
	GlobalSection(SolutionProperties) = preSolution
		HideSolutionNode = FALSE
	EndGlobalSection
	GlobalSection(ExtensibilityGlobals) = postSolution
		SolutionGuid = {3BF66246-6D01-489F-8814-82597656A980}
	EndGlobalSection
EndGlobal
